
Microsoft Visual Studio Solution File, Format Version 12.00
# Visual Studio 2012
Project("{FAE04EC0-301F-11D3-BF4B-00C04F79EFBC}") = "AlphaDrive.Mac", "AlphaDrive.Mac\AlphaDrive.Mac.csproj", "{AFF1ECFA-F6FB-4C7E-B814-31AB40EFBB48}"
EndProject
Project("{FAE04EC0-301F-11D3-BF4B-00C04F79EFBC}") = "AlphaDrive.Mac.FileSettings", "AlphaDrive.Mac.FileSettings\AlphaDrive.Mac.FileSettings.csproj", "{ABDBE485-B3E8-4631-A5DC-FC4FC8B9F01A}"
EndProject
Project("{FAE04EC0-301F-11D3-BF4B-00C04F79EFBC}") = "AlphaDrive.Mac.Diagnostics", "AlphaDrive.Mac.Diagnostics\AlphaDrive.Mac.Diagnostics.csproj", "{E301FEE3-18F0-4A35-8423-20310646DB92}"
EndProject
Global
	GlobalSection(SolutionConfigurationPlatforms) = preSolution
		Debug|x86 = Debug|x86
		Release|x86 = Release|x86
	EndGlobalSection
	GlobalSection(ProjectConfigurationPlatforms) = postSolution
		{AFF1ECFA-F6FB-4C7E-B814-31AB40EFBB48}.Debug|x86.ActiveCfg = Debug|x86
		{AFF1ECFA-F6FB-4C7E-B814-31AB40EFBB48}.Debug|x86.Build.0 = Debug|x86
		{AFF1ECFA-F6FB-4C7E-B814-31AB40EFBB48}.Release|x86.ActiveCfg = Release|x86
		{AFF1ECFA-F6FB-4C7E-B814-31AB40EFBB48}.Release|x86.Build.0 = Release|x86
		{ABDBE485-B3E8-4631-A5DC-FC4FC8B9F01A}.Debug|x86.ActiveCfg = Debug|Any CPU
		{ABDBE485-B3E8-4631-A5DC-FC4FC8B9F01A}.Debug|x86.Build.0 = Debug|Any CPU
		{ABDBE485-B3E8-4631-A5DC-FC4FC8B9F01A}.Release|x86.ActiveCfg = Release|Any CPU
		{ABDBE485-B3E8-4631-A5DC-FC4FC8B9F01A}.Release|x86.Build.0 = Release|Any CPU
		{E301FEE3-18F0-4A35-8423-20310646DB92}.Debug|x86.ActiveCfg = Debug|Any CPU
		{E301FEE3-18F0-4A35-8423-20310646DB92}.Debug|x86.Build.0 = Debug|Any CPU
		{E301FEE3-18F0-4A35-8423-20310646DB92}.Release|x86.ActiveCfg = Release|Any CPU
		{E301FEE3-18F0-4A35-8423-20310646DB92}.Release|x86.Build.0 = Release|Any CPU
	EndGlobalSection
EndGlobal
